
Microsoft Visual Studio Solution File, Format Version 12.00
# Visual Studio Version 17
VisualStudioVersion = 17.4.33205.214
MinimumVisualStudioVersion = 10.0.40219.1
Project("{9A19103F-16F7-4668-BE54-9A1E7A4F7556}") = "WebAPI", "WebAPI\WebAPI.csproj", "{3A4AEA3A-F587-42C7-BB06-A3D0880CE8CB}"
EndProject
Project("{9A19103F-16F7-4668-BE54-9A1E7A4F7556}") = "Models", "Models\Models.csproj", "{8542716A-D685-4CBC-B1F5-0C388137D3A3}"
EndProject
Project("{FAE04EC0-301F-11D3-BF4B-00C04F79EFBC}") = "DBManager", "DBManager\DBManager.csproj", "{9B123CCF-246B-4CE9-9810-D97C6A8E0F21}"
EndProject
Global
	GlobalSection(SolutionConfigurationPlatforms) = preSolution
		Debug|Any CPU = Debug|Any CPU
		Release|Any CPU = Release|Any CPU
	EndGlobalSection
	GlobalSection(ProjectConfigurationPlatforms) = postSolution
		{3A4AEA3A-F587-42C7-BB06-A3D0880CE8CB}.Debug|Any CPU.ActiveCfg = Debug|Any CPU
		{3A4AEA3A-F587-42C7-BB06-A3D0880CE8CB}.Debug|Any CPU.Build.0 = Debug|Any CPU
		{3A4AEA3A-F587-42C7-BB06-A3D0880CE8CB}.Release|Any CPU.ActiveCfg = Release|Any CPU
		{3A4AEA3A-F587-42C7-BB06-A3D0880CE8CB}.Release|Any CPU.Build.0 = Release|Any CPU
		{8542716A-D685-4CBC-B1F5-0C388137D3A3}.Debug|Any CPU.ActiveCfg = Debug|Any CPU
		{8542716A-D685-4CBC-B1F5-0C388137D3A3}.Debug|Any CPU.Build.0 = Debug|Any CPU
		{8542716A-D685-4CBC-B1F5-0C388137D3A3}.Release|Any CPU.ActiveCfg = Release|Any CPU
		{8542716A-D685-4CBC-B1F5-0C388137D3A3}.Release|Any CPU.Build.0 = Release|Any CPU
		{9B123CCF-246B-4CE9-9810-D97C6A8E0F21}.Debug|Any CPU.ActiveCfg = Debug|Any CPU
		{9B123CCF-246B-4CE9-9810-D97C6A8E0F21}.Debug|Any CPU.Build.0 = Debug|Any CPU
		{9B123CCF-246B-4CE9-9810-D97C6A8E0F21}.Release|Any CPU.ActiveCfg = Release|Any CPU
		{9B123CCF-246B-4CE9-9810-D97C6A8E0F21}.Release|Any CPU.Build.0 = Release|Any CPU
	EndGlobalSection
	GlobalSection(SolutionProperties) = preSolution
		HideSolutionNode = FALSE
	EndGlobalSection
	GlobalSection(ExtensibilityGlobals) = postSolution
		SolutionGuid = {A7CE26DF-1A4C-46C9-AC3D-3D8FE7AE1E83}
	EndGlobalSection
EndGlobal
